
Microsoft Visual Studio Solution File, Format Version 12.00
# Visual Studio Version 17
VisualStudioVersion = 17.6.33712.159
MinimumVisualStudioVersion = 10.0.40219.1
Project("{FAE04EC0-301F-11D3-BF4B-00C04F79EFBC}") = "MinToSec", "MinToSec\MinToSec.csproj", "{49216B8D-8861-4AF8-8417-47BBC3882F07}"
EndProject
Global
	GlobalSection(SolutionConfigurationPlatforms) = preSolution
		Debug|Any CPU = Debug|Any CPU
		Release|Any CPU = Release|Any CPU
	EndGlobalSection
	GlobalSection(ProjectConfigurationPlatforms) = postSolution
		{49216B8D-8861-4AF8-8417-47BBC3882F07}.Debug|Any CPU.ActiveCfg = Debug|Any CPU
		{49216B8D-8861-4AF8-8417-47BBC3882F07}.Debug|Any CPU.Build.0 = Debug|Any CPU
		{49216B8D-8861-4AF8-8417-47BBC3882F07}.Release|Any CPU.ActiveCfg = Release|Any CPU
		{49216B8D-8861-4AF8-8417-47BBC3882F07}.Release|Any CPU.Build.0 = Release|Any CPU
	EndGlobalSection
	GlobalSection(SolutionProperties) = preSolution
		HideSolutionNode = FALSE
	EndGlobalSection
	GlobalSection(ExtensibilityGlobals) = postSolution
		SolutionGuid = {B7F3B14A-B785-4DE1-AA27-1CBCB67C7292}
	EndGlobalSection
EndGlobal
